
Microsoft Visual Studio Solution File, Format Version 12.00
# Visual Studio Version 17
VisualStudioVersion = 17.8.34330.188
MinimumVisualStudioVersion = 10.0.40219.1
Project("{FAE04EC0-301F-11D3-BF4B-00C04F79EFBC}") = "real-time-horror-group4", "real-time-horror-group4.csproj", "{CCDBFBA4-C94A-4855-AC9C-BF9BFA960F91}"
EndProject
Global
	GlobalSection(SolutionConfigurationPlatforms) = preSolution
		Debug|Any CPU = Debug|Any CPU
		Release|Any CPU = Release|Any CPU
	EndGlobalSection
	GlobalSection(ProjectConfigurationPlatforms) = postSolution
		{CCDBFBA4-C94A-4855-AC9C-BF9BFA960F91}.Debug|Any CPU.ActiveCfg = Debug|Any CPU
		{CCDBFBA4-C94A-4855-AC9C-BF9BFA960F91}.Debug|Any CPU.Build.0 = Debug|Any CPU
		{CCDBFBA4-C94A-4855-AC9C-BF9BFA960F91}.Release|Any CPU.ActiveCfg = Release|Any CPU
		{CCDBFBA4-C94A-4855-AC9C-BF9BFA960F91}.Release|Any CPU.Build.0 = Release|Any CPU
	EndGlobalSection
	GlobalSection(SolutionProperties) = preSolution
		HideSolutionNode = FALSE
	EndGlobalSection
	GlobalSection(ExtensibilityGlobals) = postSolution
		SolutionGuid = {FC97BB61-2D0E-46BA-8078-49FA13E34192}
	EndGlobalSection
EndGlobal
